
Microsoft Visual Studio Solution File, Format Version 11.00
# Visual Studio 2010
Project("{8BC9CEB8-8B4A-11D0-8D11-00A0C91BC942}") = "FelicaDump", "dump\FelicaDump.vcxproj", "{4FBA68A2-C69E-4B45-86D0-C4409C2D0516}"
EndProject
Project("{8BC9CEB8-8B4A-11D0-8D11-00A0C91BC942}") = "nanaco", "nanaco\nanaco.vcxproj", "{AD192DAF-D89C-41D8-950C-1B6DBC4D4EFF}"
EndProject
Project("{8BC9CEB8-8B4A-11D0-8D11-00A0C91BC942}") = "felicalib", "lib\felicalib.vcxproj", "{6C207D2C-38B7-4C66-B1C6-7A74F59F2583}"
EndProject
Project("{8BC9CEB8-8B4A-11D0-8D11-00A0C91BC942}") = "suica", "suica\suica.vcxproj", "{C547D062-D5A6-42CD-AF26-7A24FB814FA1}"
EndProject
Project("{8BC9CEB8-8B4A-11D0-8D11-00A0C91BC942}") = "edy", "edy\edy.vcxproj", "{9BD1C7B0-88F0-4864-A17F-690CDECDFEB6}"
EndProject
Global
	GlobalSection(SolutionConfigurationPlatforms) = preSolution
		Debug|Win32 = Debug|Win32
		Debug|x64 = Debug|x64
		Release|Win32 = Release|Win32
		Release|x64 = Release|x64
	EndGlobalSection
	GlobalSection(ProjectConfigurationPlatforms) = postSolution
		{4FBA68A2-C69E-4B45-86D0-C4409C2D0516}.Debug|Win32.ActiveCfg = Debug|Win32
		{4FBA68A2-C69E-4B45-86D0-C4409C2D0516}.Debug|Win32.Build.0 = Debug|Win32
		{4FBA68A2-C69E-4B45-86D0-C4409C2D0516}.Debug|x64.ActiveCfg = Debug|x64
		{4FBA68A2-C69E-4B45-86D0-C4409C2D0516}.Debug|x64.Build.0 = Debug|x64
		{4FBA68A2-C69E-4B45-86D0-C4409C2D0516}.Release|Win32.ActiveCfg = Release|Win32
		{4FBA68A2-C69E-4B45-86D0-C4409C2D0516}.Release|Win32.Build.0 = Release|Win32
		{4FBA68A2-C69E-4B45-86D0-C4409C2D0516}.Release|x64.ActiveCfg = Release|x64
		{4FBA68A2-C69E-4B45-86D0-C4409C2D0516}.Release|x64.Build.0 = Release|x64
		{AD192DAF-D89C-41D8-950C-1B6DBC4D4EFF}.Debug|Win32.ActiveCfg = Debug|Win32
		{AD192DAF-D89C-41D8-950C-1B6DBC4D4EFF}.Debug|Win32.Build.0 = Debug|Win32
		{AD192DAF-D89C-41D8-950C-1B6DBC4D4EFF}.Debug|x64.ActiveCfg = Debug|x64
		{AD192DAF-D89C-41D8-950C-1B6DBC4D4EFF}.Debug|x64.Build.0 = Debug|x64
		{AD192DAF-D89C-41D8-950C-1B6DBC4D4EFF}.Release|Win32.ActiveCfg = Release|Win32
		{AD192DAF-D89C-41D8-950C-1B6DBC4D4EFF}.Release|Win32.Build.0 = Release|Win32
		{AD192DAF-D89C-41D8-950C-1B6DBC4D4EFF}.Release|x64.ActiveCfg = Release|x64
		{AD192DAF-D89C-41D8-950C-1B6DBC4D4EFF}.Release|x64.Build.0 = Release|x64
		{6C207D2C-38B7-4C66-B1C6-7A74F59F2583}.Debug|Win32.ActiveCfg = Debug|Win32
		{6C207D2C-38B7-4C66-B1C6-7A74F59F2583}.Debug|Win32.Build.0 = Debug|Win32
		{6C207D2C-38B7-4C66-B1C6-7A74F59F2583}.Debug|x64.ActiveCfg = Debug|x64
		{6C207D2C-38B7-4C66-B1C6-7A74F59F2583}.Debug|x64.Build.0 = Debug|x64
		{6C207D2C-38B7-4C66-B1C6-7A74F59F2583}.Release|Win32.ActiveCfg = Release|Win32
		{6C207D2C-38B7-4C66-B1C6-7A74F59F2583}.Release|Win32.Build.0 = Release|Win32
		{6C207D2C-38B7-4C66-B1C6-7A74F59F2583}.Release|x64.ActiveCfg = Release|x64
		{6C207D2C-38B7-4C66-B1C6-7A74F59F2583}.Release|x64.Build.0 = Release|x64
		{C547D062-D5A6-42CD-AF26-7A24FB814FA1}.Debug|Win32.ActiveCfg = Debug|Win32
		{C547D062-D5A6-42CD-AF26-7A24FB814FA1}.Debug|Win32.Build.0 = Debug|Win32
		{C547D062-D5A6-42CD-AF26-7A24FB814FA1}.Debug|x64.ActiveCfg = Debug|x64
		{C547D062-D5A6-42CD-AF26-7A24FB814FA1}.Debug|x64.Build.0 = Debug|x64
		{C547D062-D5A6-42CD-AF26-7A24FB814FA1}.Release|Win32.ActiveCfg = Release|Win32
		{C547D062-D5A6-42CD-AF26-7A24FB814FA1}.Release|Win32.Build.0 = Release|Win32
		{C547D062-D5A6-42CD-AF26-7A24FB814FA1}.Release|x64.ActiveCfg = Release|x64
		{C547D062-D5A6-42CD-AF26-7A24FB814FA1}.Release|x64.Build.0 = Release|x64
		{9BD1C7B0-88F0-4864-A17F-690CDECDFEB6}.Debug|Win32.ActiveCfg = Debug|Win32
		{9BD1C7B0-88F0-4864-A17F-690CDECDFEB6}.Debug|Win32.Build.0 = Debug|Win32
		{9BD1C7B0-88F0-4864-A17F-690CDECDFEB6}.Debug|x64.ActiveCfg = Debug|x64
		{9BD1C7B0-88F0-4864-A17F-690CDECDFEB6}.Debug|x64.Build.0 = Debug|x64
		{9BD1C7B0-88F0-4864-A17F-690CDECDFEB6}.Release|Win32.ActiveCfg = Release|Win32
		{9BD1C7B0-88F0-4864-A17F-690CDECDFEB6}.Release|Win32.Build.0 = Release|Win32
		{9BD1C7B0-88F0-4864-A17F-690CDECDFEB6}.Release|x64.ActiveCfg = Release|x64
		{9BD1C7B0-88F0-4864-A17F-690CDECDFEB6}.Release|x64.Build.0 = Release|x64
	EndGlobalSection
	GlobalSection(SolutionProperties) = preSolution
		HideSolutionNode = FALSE
	EndGlobalSection
EndGlobal
